# This file was autogenerated by Stack.
# You should not edit this file by hand.
# For more information, please see the documentation at:
#   https://docs.haskellstack.org/en/stable/lock_files

packages:
- completed:
    hackage: comonad-5.0.8@sha256:1f1aabd73ec7f80f20cf078a748a60cd48d8e57277802fdf6a9ab3601a9b8f7e,3631
    pantry-tree:
      size: 1618
      sha256: 394660fe7fa4127e5a181890bce28b9fcd6eb180ba25aa5566bc8b5bdd385517
  original:
    hackage: comonad-5.0.8@sha256:1f1aabd73ec7f80f20cf078a748a60cd48d8e57277802fdf6a9ab3601a9b8f7e,3631
- completed:
    hackage: constraints-0.13.2@sha256:8ff7b39b8495fb43a2b11164c20d362dc4600feaa9658a5f942232b2a66686c0,2504
    pantry-tree:
      size: 867
      sha256: 42069feb5ca331d79376e7a52269c0f749c9399b4840ebb6bc5fd7bd7f433e7c
  original:
    hackage: constraints-0.13.2@sha256:8ff7b39b8495fb43a2b11164c20d362dc4600feaa9658a5f942232b2a66686c0,2504
- completed:
    hackage: data-default-0.7.1.1@sha256:2804e8d14f521a1edee88b68b66347448e7f3b685868290fdc55930e4471f5a9,645
    pantry-tree:
      size: 212
      sha256: 1db0dcb6890feff1b87ea180a4c4a0611cda399a700822bd75970a2b7ad02dbc
  original:
    hackage: data-default-0.7.1.1@sha256:2804e8d14f521a1edee88b68b66347448e7f3b685868290fdc55930e4471f5a9,645
- completed:
    hackage: free-5.1.7@sha256:fe55684a2c445e9fac09053f4ea63270b429a65a7a7aea304e057d9f6a827b56,4959
    pantry-tree:
      size: 3308
      sha256: 36b2384f33c6057343d1e804c8b8e12ea056fe3baa81d6761fd363ddc6dcc6b3
  original:
    hackage: free-5.1.7@sha256:fe55684a2c445e9fac09053f4ea63270b429a65a7a7aea304e057d9f6a827b56,4959
- completed:
    hackage: kan-extensions-5.2.3@sha256:f98303d68cfe59981e30cd981327503a8bff429a6124654700c813ec1eedf8fa,2922
    pantry-tree:
      size: 1421
      sha256: 4e1dc9b85c4683b65f37d81efd3b02ebe368fcaad0e4e697a711d6abb57e3472
  original:
    hackage: kan-extensions-5.2.3@sha256:f98303d68cfe59981e30cd981327503a8bff429a6124654700c813ec1eedf8fa,2922
- completed:
    hackage: row-types-1.0.1.2@sha256:5c56e91d30b61f275eaee0d97b015d5332d95d7599e57582d6e62a43aa388087,2948
    pantry-tree:
      size: 1060
      sha256: 5fb893f6e14aff59d6f2be39b4b288c66d53551f746c44edd0d069487ce167bd
  original:
    hackage: row-types-1.0.1.2@sha256:5c56e91d30b61f275eaee0d97b015d5332d95d7599e57582d6e62a43aa388087,2948
- completed:
    hackage: adjunctions-4.4@sha256:2738dd5f5d5e93749adb14a05472e58a96a75d0f299e46371c6f46dc4e97daf9,3067
    pantry-tree:
      size: 1560
      sha256: b9b90a45e77481a8f24baa9b61dbf862199ec736b99344b5c7ae9c905f0425d8
  original:
    hackage: adjunctions-4.4@sha256:2738dd5f5d5e93749adb14a05472e58a96a75d0f299e46371c6f46dc4e97daf9,3067
- completed:
    hackage: contravariant-1.5.5@sha256:470ed0e040e879e2da4af1b2c8f94e199f6135852a8107858d5ae0a95365835f,3041
    pantry-tree:
      size: 652
      sha256: 9eb62fea28548dc8a0f60fd47c12843092b78b24ed771b8ad63a0bb34dba8bc4
  original:
    hackage: contravariant-1.5.5@sha256:470ed0e040e879e2da4af1b2c8f94e199f6135852a8107858d5ae0a95365835f,3041
- completed:
    hackage: data-default-class-0.1.2.0@sha256:63e62120b7efd733a5a17cf59ceb43268e9a929c748127172d7d42f4a336e327,542
    pantry-tree:
      size: 224
      sha256: 5017630b11698aefa65fc61cab84a257ce97833c968d425e1b2d53d6c3b5c096
  original:
    hackage: data-default-class-0.1.2.0@sha256:63e62120b7efd733a5a17cf59ceb43268e9a929c748127172d7d42f4a336e327,542
- completed:
    hackage: data-default-instances-containers-0.0.1@sha256:6e1f4b28028a3bc455aaf4b5a9104b71ea72cff78b1b8041863df7afd1a8deb3,527
    pantry-tree:
      size: 254
      sha256: 3e61b45fb5aa231cff29025b1d36561d7d6b17fa91cdddd15d854615a3fe1ae0
  original:
    hackage: data-default-instances-containers-0.0.1@sha256:6e1f4b28028a3bc455aaf4b5a9104b71ea72cff78b1b8041863df7afd1a8deb3,527
- completed:
    hackage: data-default-instances-dlist-0.0.1@sha256:4286abacbb256c392907701be16986a6e07f2beaf2778e7bd925465655d9e301,507
    pantry-tree:
      size: 244
      sha256: 705ebc2408e66631dac47e400fd963deaefe8a55de662b5f1950c47a590632ce
  original:
    hackage: data-default-instances-dlist-0.0.1@sha256:4286abacbb256c392907701be16986a6e07f2beaf2778e7bd925465655d9e301,507
- completed:
    hackage: data-default-instances-old-locale-0.0.1@sha256:d4a757f68f0f83531fcb34a4525fe6769c54a45182e28ffdfff19c2b0ace42fb,526
    pantry-tree:
      size: 253
      sha256: 91a62d701bea1432cc0126dd25005a4480e4a5082b2fae5e9d36f96fb8bbffb5
  original:
    hackage: data-default-instances-old-locale-0.0.1@sha256:d4a757f68f0f83531fcb34a4525fe6769c54a45182e28ffdfff19c2b0ace42fb,526
- completed:
    hackage: distributive-0.6.2.1@sha256:0f99f5541cca04acf89b64432b03422b6408e830a8dff30e6c4334ef1a48680c,2996
    pantry-tree:
      size: 735
      sha256: a42bed5fe0ba295643538312dee6c9436314c05a6f7efdd32b4303979f8bd744
  original:
    hackage: distributive-0.6.2.1@sha256:0f99f5541cca04acf89b64432b03422b6408e830a8dff30e6c4334ef1a48680c,2996
- completed:
    hackage: generic-lens-2.2.0.0@sha256:4008a39f464e377130346e46062e2ac1211f9d2e256bbb1857216e889c7196be,3867
    pantry-tree:
      size: 2470
      sha256: 93d7aae1de4cbbb2e3320b357cd744618cb17356989bd417d374aa73331e7370
  original:
    hackage: generic-lens-2.2.0.0@sha256:4008a39f464e377130346e46062e2ac1211f9d2e256bbb1857216e889c7196be,3867
- completed:
    hackage: hashable-1.4.0.1@sha256:0251ad5228be07909a385152a3ff634fac1f892611f89904aea5c5e7af411e5d,4790
    pantry-tree:
      size: 1248
      sha256: abd289fe989e99d3b40a27e68f727cf6c6ba192906b436ab0c69850c26d1876f
  original:
    hackage: hashable-1.4.0.1@sha256:0251ad5228be07909a385152a3ff634fac1f892611f89904aea5c5e7af411e5d,4790
- completed:
    hackage: indexed-traversable-0.1.2@sha256:d66228887242f93ccb4fc7101a1e25a6560c8e4708f6e9ee1d3dd21901756c65,2519
    pantry-tree:
      size: 495
      sha256: 7edfd8672d45016089df7227d9f6452117632a7236d4e71b24a2a1041cab4701
  original:
    hackage: indexed-traversable-0.1.2@sha256:d66228887242f93ccb4fc7101a1e25a6560c8e4708f6e9ee1d3dd21901756c65,2519
- completed:
    hackage: invariant-0.5.5@sha256:1d92f6f6f1c3a95d8ffaa393baa2d8ae8c42a9e472c060144c0a0864aa4d23ca,3468
    pantry-tree:
      size: 650
      sha256: 6d95a5e7151c6b32702d570545247c92f871636bef469d3cf0111d555b2cf42d
  original:
    hackage: invariant-0.5.5@sha256:1d92f6f6f1c3a95d8ffaa393baa2d8ae8c42a9e472c060144c0a0864aa4d23ca,3468
- completed:
    hackage: profunctors-5.6.2@sha256:3d3685119243a7ebf984fa6af03299d156ab7674a432e2e15ecee2a4fd420fb6,2483
    pantry-tree:
      size: 1588
      sha256: 2a839845b75d600ab5a51c582a740de87805f794caa5836b6a16250d9b535789
  original:
    hackage: profunctors-5.6.2@sha256:3d3685119243a7ebf984fa6af03299d156ab7674a432e2e15ecee2a4fd420fb6,2483
- completed:
    hackage: semigroupoids-5.3.6@sha256:56119f42bc080256100bd6dab6292c144eef430b3430f2ce1581e8e06668d33e,7752
    pantry-tree:
      size: 2404
      sha256: bbdbff3cc65e5cf23a28e2256d282bffdba87b674d38681833e5624cc18ca88b
  original:
    hackage: semigroupoids-5.3.6@sha256:56119f42bc080256100bd6dab6292c144eef430b3430f2ce1581e8e06668d33e,7752
- completed:
    hackage: tagged-0.8.6.1@sha256:29c67d98a4404607f024750ab9c7210dadcbbef4e1944c48c52902f2071b2662,2874
    pantry-tree:
      size: 496
      sha256: 4548d4f2d43e25a182ac6f5da34364c4a41a1da88468c671445a0bf2a70c130c
  original:
    hackage: tagged-0.8.6.1@sha256:29c67d98a4404607f024750ab9c7210dadcbbef4e1944c48c52902f2071b2662,2874
- completed:
    hackage: th-abstraction-0.4.3.0@sha256:db4b3b69398acd8a7c5c8cc8a962da55d65d05d44d5039b51bd3cb5fb3d8400f,2148
    pantry-tree:
      size: 670
      sha256: cd2d3fd020b3c6b415e41c71b60999ca7dd14918b056e15e090f640cba1feed8
  original:
    hackage: th-abstraction-0.4.3.0@sha256:db4b3b69398acd8a7c5c8cc8a962da55d65d05d44d5039b51bd3cb5fb3d8400f,2148
- completed:
    hackage: transformers-base-0.4.6@sha256:6f18f320e371c8954c4b6b211e2fdd5d15a6d6310bd605b9d640f47ede408961,1643
    pantry-tree:
      size: 275
      sha256: 6c2d24a9678865e2a5f4b6286cb17228673a6987fb546bf07b89ffbd19716ad2
  original:
    hackage: transformers-base-0.4.6@sha256:6f18f320e371c8954c4b6b211e2fdd5d15a6d6310bd605b9d640f47ede408961,1643
- completed:
    hackage: transformers-compat-0.7.1@sha256:03534fcfd4a6026d415b0e19d2a48d6ccb639e809db0cd41f313bc771a887a9b,5602
    pantry-tree:
      size: 1724
      sha256: 62a237717ebb6337a8ca3b446a1fa3075fd0e5136384e00760f702064eda9c0f
  original:
    hackage: transformers-compat-0.7.1@sha256:03534fcfd4a6026d415b0e19d2a48d6ccb639e809db0cd41f313bc771a887a9b,5602
- completed:
    hackage: type-equality-1@sha256:bb3a34a93ad02866763b325e889ea9f5aa31f7428e32dcaa1cf14015bd21b9cb,1597
    pantry-tree:
      size: 313
      sha256: ea121a8b58ce43a4f1f7556cc73e8c2b8b71950d9ccf35252fd3e9c3514c8798
  original:
    hackage: type-equality-1@sha256:bb3a34a93ad02866763b325e889ea9f5aa31f7428e32dcaa1cf14015bd21b9cb,1597
- completed:
    hackage: unordered-containers-0.2.15.0@sha256:7e84950317c31e9c33f11e6338c1dcc9be0141ff696cf5249985c4625b9e144a,5217
    pantry-tree:
      size: 1316
      sha256: c81c3ba43b0f5588128c657312a845ec520449026aa8c0f68027534219afa078
  original:
    hackage: unordered-containers-0.2.15.0@sha256:7e84950317c31e9c33f11e6338c1dcc9be0141ff696cf5249985c4625b9e144a,5217
- completed:
    hackage: StateVar-1.2.2@sha256:3c022c00485fe165e3080d5da6b3ca9c9b02f62c5deebc584d1b3d1309ce673e,1673
    pantry-tree:
      size: 314
      sha256: 204cac98219e99334f47b12c565945611748ea03a4d629273dd697d738bcfd7f
  original:
    hackage: StateVar-1.2.2@sha256:3c022c00485fe165e3080d5da6b3ca9c9b02f62c5deebc584d1b3d1309ce673e,1673
- completed:
    hackage: base-orphans-0.8.6@sha256:eb6758d0160d607e0c45dbd6b196f515b9a589fd4f6d2f926929dd5d56282d37,3175
    pantry-tree:
      size: 1272
      sha256: f889d6903383305688e6e703982bfdc985649b7d4538429e44f98f99d8f73c07
  original:
    hackage: base-orphans-0.8.6@sha256:eb6758d0160d607e0c45dbd6b196f515b9a589fd4f6d2f926929dd5d56282d37,3175
- completed:
    hackage: bifunctors-5.5.11@sha256:cc425ee85aae56dba1123baf6fb3fa7abcd90782f26bb904eef14c7332ee85f6,3919
    pantry-tree:
      size: 1758
      sha256: d3f0fdcd108e771b5cb68ee068c9a8637494e0c513f0845124798cc9dcdd11f0
  original:
    hackage: bifunctors-5.5.11@sha256:cc425ee85aae56dba1123baf6fb3fa7abcd90782f26bb904eef14c7332ee85f6,3919
- completed:
    hackage: dlist-1.0@sha256:124cb3aa1decebd5171b46601b1f74cca6cfae12d266ace3799b86dd05ef7cb4,3560
    pantry-tree:
      size: 953
      sha256: 8467afe9c94b2756e5703fed0950b51418bd877acbdd72e9dc3488b8f28f4e82
  original:
    hackage: dlist-1.0@sha256:124cb3aa1decebd5171b46601b1f74cca6cfae12d266ace3799b86dd05ef7cb4,3560
- completed:
    hackage: generic-lens-core-2.2.0.0@sha256:b6b69e992f15fa80001de737f41f2123059011a1163d6c8941ce2e3ab44f8c03,2913
    pantry-tree:
      size: 2202
      sha256: 6918fb47f34ecf4246778b229911693b6e20fc2ce94ae8c89d69a89db4e72269
  original:
    hackage: generic-lens-core-2.2.0.0@sha256:b6b69e992f15fa80001de737f41f2123059011a1163d6c8941ce2e3ab44f8c03,2913
- completed:
    hackage: old-locale-1.0.0.7@sha256:fa998be2c7e00cd26a6e9075bea790caaf3932caa3e9497ad69bc20380dd6911,1071
    pantry-tree:
      size: 263
      sha256: 462ef15cb35164d585aa3860f717c9685fbf05578330490860abd544381d2e24
  original:
    hackage: old-locale-1.0.0.7@sha256:fa998be2c7e00cd26a6e9075bea790caaf3932caa3e9497ad69bc20380dd6911,1071
- completed:
    hackage: semigroups-0.20@sha256:925341e6f7eb104cb490bef06eab93bb7995c7c67c51ee938185a2ddefa7aaf2,6333
    pantry-tree:
      size: 481
      sha256: d4d3f0b32a68cf8808fcb8d2de117ab9ec09dbfec93a297aa3d386ca79a0fe05
  original:
    hackage: semigroups-0.20@sha256:925341e6f7eb104cb490bef06eab93bb7995c7c67c51ee938185a2ddefa7aaf2,6333
- completed:
    hackage: indexed-profunctors-0.1.1@sha256:363e1bcd89f8498a770ae783e8388fcce35e6515b4c38dca47327aad81196a7b,1063
    pantry-tree:
      size: 287
      sha256: 4ad1a4eda03a19694ec56983d8a4e5bb825f8bc503b2ed8dd30475a7150635c9
  original:
    hackage: indexed-profunctors-0.1.1@sha256:363e1bcd89f8498a770ae783e8388fcce35e6515b4c38dca47327aad81196a7b,1063
- completed:
    hackage: void-0.7.3@sha256:13d30f62fcdf065e595d679d4ac8b4b0c1bb1a1b73db7b5b5a8f857cb5c8a546,1857
    pantry-tree:
      size: 584
      sha256: 5730b45e857424c97d24ee1cf530be1fc782cd000221ac97b5568be886cbbc2b
  original:
    hackage: void-0.7.3@sha256:13d30f62fcdf065e595d679d4ac8b4b0c1bb1a1b73db7b5b5a8f857cb5c8a546,1857
- completed:
    hackage: singletons-2.7@sha256:558f88d376f30e8dabde9163a96d2ebcbe2fe533e08d20ab136eea91ad046da3,7605
    pantry-tree:
      size: 25263
      sha256: 6ec860e87ab600c54c61cdf5afe5d7654ea6ab71897401ba11d43e94d96355d5
  original:
    hackage: singletons-2.7@sha256:558f88d376f30e8dabde9163a96d2ebcbe2fe533e08d20ab136eea91ad046da3,7605
- completed:
    hackage: syb-0.7.2.1@sha256:bf42655a213402215299e435c52f799e76cbec0b984cd7153d6b9af8a1c0803f,3815
    pantry-tree:
      size: 3396
      sha256: 3ee55cc33d69da2953e7093f99199fbc0bfa9d90dccd19cac101d09befa5bbb3
  original:
    hackage: syb-0.7.2.1@sha256:bf42655a213402215299e435c52f799e76cbec0b984cd7153d6b9af8a1c0803f,3815
- completed:
    hackage: th-desugar-1.11@sha256:573a176b4642c1ad1f40eef76ad2bfc6bdafe3e5d162f7a6bb08132488cc5496,3577
    pantry-tree:
      size: 1675
      sha256: 46a588945b5e13c5e2a6aba6aad06df029602c3c6ff7ffa2e9f4cdb4e566b24a
  original:
    hackage: th-desugar-1.11@sha256:573a176b4642c1ad1f40eef76ad2bfc6bdafe3e5d162f7a6bb08132488cc5496,3577
- completed:
    hackage: fail-4.9.0.0@sha256:35d1ee29364447c1b7d616bb1ee31f162b73e85fea91d7ca6441cf901398f572,1051
    pantry-tree:
      size: 210
      sha256: e4daa79eb6a4442ec85c86dfeb0eb4bf8624f8dcc5291a2216165120ecb77c13
  original:
    hackage: fail-4.9.0.0@sha256:35d1ee29364447c1b7d616bb1ee31f162b73e85fea91d7ca6441cf901398f572,1051
- completed:
    hackage: ordered-containers-0.2.2@sha256:ebf2be3f592d9cf148ea6b8375f8af97148d44f82d8d04476899285e965afdbf,810
    pantry-tree:
      size: 526
      sha256: 757fd75227afa0107f8eb3ebb467856b1d7456276eb501d510c9b06cb5395fbc
  original:
    hackage: ordered-containers-0.2.2@sha256:ebf2be3f592d9cf148ea6b8375f8af97148d44f82d8d04476899285e965afdbf,810
- completed:
    hackage: th-lift-0.8.2@sha256:955f3ad62b202d2ff37a616d2155ad9ce30879c7c63edab1f1ec69d757d70ed1,2677
    pantry-tree:
      size: 543
      sha256: 9901527aedddd60372e970df215a9f5604fde3dd355e07633bf9ccc07e3e7b03
  original:
    hackage: th-lift-0.8.2@sha256:955f3ad62b202d2ff37a616d2155ad9ce30879c7c63edab1f1ec69d757d70ed1,2677
- completed:
    hackage: th-orphans-0.13.12@sha256:72b6e2825c2dc9e87491737493b35c90b9188a8ab4546bae2ce0d4c39404c694,3046
    pantry-tree:
      size: 528
      sha256: 1c7d0274be28fdcb6cbb1703fdf4fe9d0fd956743e091dd3b39e7aff826d9f7d
  original:
    hackage: th-orphans-0.13.12@sha256:72b6e2825c2dc9e87491737493b35c90b9188a8ab4546bae2ce0d4c39404c694,3046
- completed:
    hackage: th-compat-0.1.3@sha256:a16dd922947a6877defe52c4c38d1ab48ed3f85a826930f5d1a568741d619993,2888
    pantry-tree:
      size: 530
      sha256: 5e622d5a4b2a759ab91b6c5fa18418e470c361f34bbab2628e44104829e2ad1c
  original:
    hackage: th-compat-0.1.3@sha256:a16dd922947a6877defe52c4c38d1ab48ed3f85a826930f5d1a568741d619993,2888
- completed:
    hackage: th-expand-syns-0.4.9.0@sha256:b01295ae4b0161061bd968dbce75b80f3114e70ec16a2535bc5e814ecafb3ede,2129
    pantry-tree:
      size: 550
      sha256: f763bc074a118d2efd75c1d55ce59ae81cf60be6ba3b20c7ff0697a1508fd852
  original:
    hackage: th-expand-syns-0.4.9.0@sha256:b01295ae4b0161061bd968dbce75b80f3114e70ec16a2535bc5e814ecafb3ede,2129
- completed:
    hackage: th-lift-instances-0.1.18@sha256:4439beb99d2e0f1f3fac8adf182d9462220b77b148511124d09c0375cb590863,2608
    pantry-tree:
      size: 526
      sha256: 7ff54c873a8af2ba7b0fa0359d30d75e794d72e1bd67ea48fa838eabda2aee05
  original:
    hackage: th-lift-instances-0.1.18@sha256:4439beb99d2e0f1f3fac8adf182d9462220b77b148511124d09c0375cb590863,2608
- completed:
    hackage: th-reify-many-0.1.10@sha256:1827dcffb0c9f214e9739053fc808683336ea65c3749ff2d6148db189cbbd2a4,1753
    pantry-tree:
      size: 373
      sha256: 3aed327bc5dff9c9c22bb7d1ea3e4e437b9f74face6fc682cefffe462913dfd0
  original:
    hackage: th-reify-many-0.1.10@sha256:1827dcffb0c9f214e9739053fc808683336ea65c3749ff2d6148db189cbbd2a4,1753
- completed:
    hackage: safe-0.3.19@sha256:0910dafb8898f52bde4c646e560228a0fd08b1fca5457f222d2f5c0fad6d2039,2317
    pantry-tree:
      size: 564
      sha256: 40010636c24cebf3f3e29e9b3b8e6c35f249f5e5d253925433140bb0b4e3f891
  original:
    hackage: safe-0.3.19@sha256:0910dafb8898f52bde4c646e560228a0fd08b1fca5457f222d2f5c0fad6d2039,2317
- completed:
    hackage: vector-0.12.3.1@sha256:040210919e5ce454dcee3320f77803da3dbda579c8428dc25ff0155732234808,7946
    pantry-tree:
      size: 3842
      sha256: 00cfcd768c02740343ecf67de4542f30a4ebbbd7200849a22271b35965837fef
  original:
    hackage: vector-0.12.3.1@sha256:040210919e5ce454dcee3320f77803da3dbda579c8428dc25ff0155732234808,7946
- completed:
    hackage: primitive-0.7.3.0@sha256:6b28a1c0572f5ca50597ba8388aeade21515842969ae192cdc6bfca81367bf56,2951
    pantry-tree:
      size: 1655
      sha256: 4dd118201091c04a138a25e262ab61e8e64e811832eadd8b6b39d56504dfe045
  original:
    hackage: primitive-0.7.3.0@sha256:6b28a1c0572f5ca50597ba8388aeade21515842969ae192cdc6bfca81367bf56,2951
snapshots: []
